
Microsoft Visual Studio Solution File, Format Version 12.00
# Visual Studio Version 17
VisualStudioVersion = 17.13.35931.197
MinimumVisualStudioVersion = 10.0.40219.1
Project("{FAE04EC0-301F-11D3-BF4B-00C04F79EFBC}") = "Libros.Abstractions", "Libros.Abstractions\Libros.Abstractions.csproj", "{B0323F6F-CCEA-4D34-A0F2-3A1669404487}"
EndProject
Project("{FAE04EC0-301F-11D3-BF4B-00C04F79EFBC}") = "Libros.Application", "Libros.Application\Libros.Application.csproj", "{F58B4AB6-92F6-4712-825F-9E80437BFB87}"
EndProject
Project("{FAE04EC0-301F-11D3-BF4B-00C04F79EFBC}") = "Libros.Enums", "Libros.Enums\Libros.Enums.csproj", "{FF700893-545F-4A7C-905F-93BDADE5E892}"
EndProject
Project("{FAE04EC0-301F-11D3-BF4B-00C04F79EFBC}") = "Libros.Repository", "Libros.Repository\Libros.Repository.csproj", "{7973185B-6365-424D-AD12-36B3D57E876D}"
EndProject
Project("{FAE04EC0-301F-11D3-BF4B-00C04F79EFBC}") = "Libros.WebApi", "Libros.WebApi\Libros.WebApi.csproj", "{C133E189-06E8-3BA8-E724-0D03F354B178}"
EndProject
Project("{FAE04EC0-301F-11D3-BF4B-00C04F79EFBC}") = "Libros.Entitties", "Libros.Entitties\Libros.Entitties.csproj", "{5DBC664A-0FC6-21EF-D7AC-8092D33EAE4E}"
EndProject
Project("{FAE04EC0-301F-11D3-BF4B-00C04F79EFBC}") = "Libros.DataAccess", "Libros.DataAccess\Libros.DataAccess.csproj", "{5BAC9DC2-1621-580B-6052-EA44A7C01A35}"
EndProject
Project("{FAE04EC0-301F-11D3-BF4B-00C04F79EFBC}") = "Libros.Services", "Libros.Services\Libros.Services.csproj", "{23AB5040-D2A8-1BA8-BDCC-868B2EA77703}"
EndProject
Global
	GlobalSection(SolutionConfigurationPlatforms) = preSolution
		Debug|Any CPU = Debug|Any CPU
		Release|Any CPU = Release|Any CPU
	EndGlobalSection
	GlobalSection(ProjectConfigurationPlatforms) = postSolution
		{B0323F6F-CCEA-4D34-A0F2-3A1669404487}.Debug|Any CPU.ActiveCfg = Debug|Any CPU
		{B0323F6F-CCEA-4D34-A0F2-3A1669404487}.Debug|Any CPU.Build.0 = Debug|Any CPU
		{B0323F6F-CCEA-4D34-A0F2-3A1669404487}.Release|Any CPU.ActiveCfg = Release|Any CPU
		{B0323F6F-CCEA-4D34-A0F2-3A1669404487}.Release|Any CPU.Build.0 = Release|Any CPU
		{F58B4AB6-92F6-4712-825F-9E80437BFB87}.Debug|Any CPU.ActiveCfg = Debug|Any CPU
		{F58B4AB6-92F6-4712-825F-9E80437BFB87}.Debug|Any CPU.Build.0 = Debug|Any CPU
		{F58B4AB6-92F6-4712-825F-9E80437BFB87}.Release|Any CPU.ActiveCfg = Release|Any CPU
		{F58B4AB6-92F6-4712-825F-9E80437BFB87}.Release|Any CPU.Build.0 = Release|Any CPU
		{FF700893-545F-4A7C-905F-93BDADE5E892}.Debug|Any CPU.ActiveCfg = Debug|Any CPU
		{FF700893-545F-4A7C-905F-93BDADE5E892}.Debug|Any CPU.Build.0 = Debug|Any CPU
		{FF700893-545F-4A7C-905F-93BDADE5E892}.Release|Any CPU.ActiveCfg = Release|Any CPU
		{FF700893-545F-4A7C-905F-93BDADE5E892}.Release|Any CPU.Build.0 = Release|Any CPU
		{7973185B-6365-424D-AD12-36B3D57E876D}.Debug|Any CPU.ActiveCfg = Debug|Any CPU
		{7973185B-6365-424D-AD12-36B3D57E876D}.Debug|Any CPU.Build.0 = Debug|Any CPU
		{7973185B-6365-424D-AD12-36B3D57E876D}.Release|Any CPU.ActiveCfg = Release|Any CPU
		{7973185B-6365-424D-AD12-36B3D57E876D}.Release|Any CPU.Build.0 = Release|Any CPU
		{C133E189-06E8-3BA8-E724-0D03F354B178}.Debug|Any CPU.ActiveCfg = Debug|Any CPU
		{C133E189-06E8-3BA8-E724-0D03F354B178}.Debug|Any CPU.Build.0 = Debug|Any CPU
		{C133E189-06E8-3BA8-E724-0D03F354B178}.Release|Any CPU.ActiveCfg = Release|Any CPU
		{C133E189-06E8-3BA8-E724-0D03F354B178}.Release|Any CPU.Build.0 = Release|Any CPU
		{5DBC664A-0FC6-21EF-D7AC-8092D33EAE4E}.Debug|Any CPU.ActiveCfg = Debug|Any CPU
		{5DBC664A-0FC6-21EF-D7AC-8092D33EAE4E}.Debug|Any CPU.Build.0 = Debug|Any CPU
		{5DBC664A-0FC6-21EF-D7AC-8092D33EAE4E}.Release|Any CPU.ActiveCfg = Release|Any CPU
		{5DBC664A-0FC6-21EF-D7AC-8092D33EAE4E}.Release|Any CPU.Build.0 = Release|Any CPU
		{5BAC9DC2-1621-580B-6052-EA44A7C01A35}.Debug|Any CPU.ActiveCfg = Debug|Any CPU
		{5BAC9DC2-1621-580B-6052-EA44A7C01A35}.Debug|Any CPU.Build.0 = Debug|Any CPU
		{5BAC9DC2-1621-580B-6052-EA44A7C01A35}.Release|Any CPU.ActiveCfg = Release|Any CPU
		{5BAC9DC2-1621-580B-6052-EA44A7C01A35}.Release|Any CPU.Build.0 = Release|Any CPU
		{23AB5040-D2A8-1BA8-BDCC-868B2EA77703}.Debug|Any CPU.ActiveCfg = Debug|Any CPU
		{23AB5040-D2A8-1BA8-BDCC-868B2EA77703}.Debug|Any CPU.Build.0 = Debug|Any CPU
		{23AB5040-D2A8-1BA8-BDCC-868B2EA77703}.Release|Any CPU.ActiveCfg = Release|Any CPU
		{23AB5040-D2A8-1BA8-BDCC-868B2EA77703}.Release|Any CPU.Build.0 = Release|Any CPU
	EndGlobalSection
	GlobalSection(SolutionProperties) = preSolution
		HideSolutionNode = FALSE
	EndGlobalSection
	GlobalSection(ExtensibilityGlobals) = postSolution
		SolutionGuid = {3C0FBFA7-717C-4753-86F5-D09FEAD38A1D}
	EndGlobalSection
EndGlobal
